
Microsoft Visual Studio Solution File, Format Version 12.00
# Visual Studio Version 17
VisualStudioVersion = 17.8.34525.116
MinimumVisualStudioVersion = 10.0.40219.1
Project("{FAE04EC0-301F-11D3-BF4B-00C04F79EFBC}") = "MyJob", "MyJob\MyJob.csproj", "{4D1571A3-F07B-4AF9-A008-1CECFC027633}"
EndProject
Global
	GlobalSection(SolutionConfigurationPlatforms) = preSolution
		Debug|Any CPU = Debug|Any CPU
		Release|Any CPU = Release|Any CPU
	EndGlobalSection
	GlobalSection(ProjectConfigurationPlatforms) = postSolution
		{4D1571A3-F07B-4AF9-A008-1CECFC027633}.Debug|Any CPU.ActiveCfg = Debug|Any CPU
		{4D1571A3-F07B-4AF9-A008-1CECFC027633}.Debug|Any CPU.Build.0 = Debug|Any CPU
		{4D1571A3-F07B-4AF9-A008-1CECFC027633}.Release|Any CPU.ActiveCfg = Release|Any CPU
		{4D1571A3-F07B-4AF9-A008-1CECFC027633}.Release|Any CPU.Build.0 = Release|Any CPU
	EndGlobalSection
	GlobalSection(SolutionProperties) = preSolution
		HideSolutionNode = FALSE
	EndGlobalSection
	GlobalSection(ExtensibilityGlobals) = postSolution
		SolutionGuid = {728854CD-E984-4D3A-B1D1-92BE72E6EE40}
	EndGlobalSection
EndGlobal
